// !$*UTF8*$!
{
	archiveVersion = 1;
	classes = {
	};
	objectVersion = 46;
	objects = {

/* Begin PBXBuildFile section */
		FA6EBF8D1FAEAAF2009FB9BB /* AppDelegate.swift in Sources */ = {isa = PBXBuildFile; fileRef = FA6EBF8C1FAEAAF2009FB9BB /* AppDelegate.swift */; };
		FA6EBF8F1FAEAAF2009FB9BB /* ViewController.swift in Sources */ = {isa = PBXBuildFile; fileRef = FA6EBF8E1FAEAAF2009FB9BB /* ViewController.swift */; };
		FA6EBF921FAEAAF2009FB9BB /* Main.storyboard in Resources */ = {isa = PBXBuildFile; fileRef = FA6EBF901FAEAAF2009FB9BB /* Main.storyboard */; };
		FA6EBF941FAEAAF2009FB9BB /* Assets.xcassets in Resources */ = {isa = PBXBuildFile; fileRef = FA6EBF931FAEAAF2009FB9BB /* Assets.xcassets */; };
		FA6EBF971FAEAAF2009FB9BB /* LaunchScreen.storyboard in Resources */ = {isa = PBXBuildFile; fileRef = FA6EBF951FAEAAF2009FB9BB /* LaunchScreen.storyboard */; };
		FA6EBF9F1FAEABA6009FB9BB /* PeakViewController.swift in Sources */ = {isa = PBXBuildFile; fileRef = FA6EBF9E1FAEABA6009FB9BB /* PeakViewController.swift */; };
		FA6EBFA11FAEABC5009FB9BB /* PopViewController.swift in Sources */ = {isa = PBXBuildFile; fileRef = FA6EBFA01FAEABC5009FB9BB /* PopViewController.swift */; };
/* End PBXBuildFile section */

/* Begin PBXFileReference section */
		FA6EBF891FAEAAF2009FB9BB /* Peak & Pop Demo.app */ = {isa = PBXFileReference; explicitFileType = wrapper.application; includeInIndex = 0; path = "Peak & Pop Demo.app"; sourceTree = BUILT_PRODUCTS_DIR; };
		FA6EBF8C1FAEAAF2009FB9BB /* AppDelegate.swift */ = {isa = PBXFileReference; lastKnownFileType = sourcecode.swift; path = AppDelegate.swift; sourceTree = "<group>"; };
		FA6EBF8E1FAEAAF2009FB9BB /* ViewController.swift */ = {isa = PBXFileReference; lastKnownFileType = sourcecode.swift; path = ViewController.swift; sourceTree = "<group>"; };
		FA6EBF911FAEAAF2009FB9BB /* Base */ = {isa = PBXFileReference; lastKnownFileType = file.storyboard; name = Base; path = Base.lproj/Main.storyboard; sourceTree = "<group>"; };
		FA6EBF931FAEAAF2009FB9BB /* Assets.xcassets */ = {isa = PBXFileReference; lastKnownFileType = folder.assetcatalog; path = Assets.xcassets; sourceTree = "<group>"; };
		FA6EBF961FAEAAF2009FB9BB /* Base */ = {isa = PBXFileReference; lastKnownFileType = file.storyboard; name = Base; path = Base.lproj/LaunchScreen.storyboard; sourceTree = "<group>"; };
		FA6EBF981FAEAAF2009FB9BB /* Info.plist */ = {isa = PBXFileReference; lastKnownFileType = text.plist.xml; path = Info.plist; sourceTree = "<group>"; };
		FA6EBF9E1FAEABA6009FB9BB /* PeakViewController.swift */ = {isa = PBXFileReference; fileEncoding = 4; lastKnownFileType = sourcecode.swift; path = PeakViewController.swift; sourceTree = "<group>"; };
		FA6EBFA01FAEABC5009FB9BB /* PopViewController.swift */ = {isa = PBXFileReference; fileEncoding = 4; lastKnownFileType = sourcecode.swift; path = PopViewController.swift; sourceTree = "<group>"; };
/* End PBXFileReference section */

/* Begin PBXFrameworksBuildPhase section */
		FA6EBF861FAEAAF2009FB9BB /* Frameworks */ = {
			isa = PBXFrameworksBuildPhase;
			buildActionMask = 2147483647;
			files = (
			);
			runOnlyForDeploymentPostprocessing = 0;
		};
/* End PBXFrameworksBuildPhase section */

/* Begin PBXGroup section */
		FA6EBF801FAEAAF2009FB9BB = {
			isa = PBXGroup;
			children = (
				FA6EBF8B1FAEAAF2009FB9BB /* Peak & Pop Demo */,
				FA6EBF8A1FAEAAF2009FB9BB /* Products */,
			);
			sourceTree = "<group>";
		};
		FA6EBF8A1FAEAAF2009FB9BB /* Products */ = {
			isa = PBXGroup;
			children = (
				FA6EBF891FAEAAF2009FB9BB /* Peak & Pop Demo.app */,
			);
			name = Products;
			sourceTree = "<group>";
		};
		FA6EBF8B1FAEAAF2009FB9BB /* Peak & Pop Demo */ = {
			isa = PBXGroup;
			children = (
				FA6EBF8C1FAEAAF2009FB9BB /* AppDelegate.swift */,
				FA6EBF8E1FAEAAF2009FB9BB /* ViewController.swift */,
				FA6EBF901FAEAAF2009FB9BB /* Main.storyboard */,
				FA6EBF9E1FAEABA6009FB9BB /* PeakViewController.swift */,
				FA6EBFA01FAEABC5009FB9BB /* PopViewController.swift */,
				FA6EBF931FAEAAF2009FB9BB /* Assets.xcassets */,
				FA6EBF951FAEAAF2009FB9BB /* LaunchScreen.storyboard */,
				FA6EBF981FAEAAF2009FB9BB /* Info.plist */,
			);
			path = "Peak & Pop Demo";
			sourceTree = "<group>";
		};
/* End PBXGroup section */

/* Begin PBXNativeTarget section */
		FA6EBF881FAEAAF2009FB9BB /* Peak & Pop Demo */ = {
			isa = PBXNativeTarget;
			buildConfigurationList = FA6EBF9B1FAEAAF2009FB9BB /* Build configuration list for PBXNativeTarget "Peak & Pop Demo" */;
			buildPhases = (
				FA6EBF851FAEAAF2009FB9BB /* Sources */,
				FA6EBF861FAEAAF2009FB9BB /* Frameworks */,
				FA6EBF871FAEAAF2009FB9BB /* Resources */,
			);
			buildRules = (
			);
			dependencies = (
			);
			name = "Peak & Pop Demo";
			productName = "Peak & Pop Demo";
			productReference = FA6EBF891FAEAAF2009FB9BB /* Peak & Pop Demo.app */;
			productType = "com.apple.product-type.application";
		};
/* End PBXNativeTarget section */

/* Begin PBXProject section */
		FA6EBF811FAEAAF2009FB9BB /* Project object */ = {
			isa = PBXProject;
			attributes = {
				LastSwiftUpdateCheck = 0830;
				LastUpgradeCheck = 0830;
				ORGANIZATIONNAME = "Jaiela London";
				TargetAttributes = {
					FA6EBF881FAEAAF2009FB9BB = {
						CreatedOnToolsVersion = 8.3.3;
						ProvisioningStyle = Automatic;
					};
				};
			};
			buildConfigurationList = FA6EBF841FAEAAF2009FB9BB /* Build configuration list for PBXProject "Peak & Pop Demo" */;
			compatibilityVersion = "Xcode 3.2";
			developmentRegion = English;
			hasScannedForEncodings = 0;
			knownRegions = (
				en,
				Base,
			);
			mainGroup = FA6EBF801FAEAAF2009FB9BB;
			productRefGroup = FA6EBF8A1FAEAAF2009FB9BB /* Products */;
			projectDirPath = "";
			projectRoot = "";
			targets = (
				FA6EBF881FAEAAF2009FB9BB /* Peak & Pop Demo */,
			);
		};
/* End PBXProject section */

/* Begin PBXResourcesBuildPhase section */
		FA6EBF871FAEAAF2009FB9BB /* Resources */ = {
			isa = PBXResourcesBuildPhase;
			buildActionMask = 2147483647;
			files = (
				FA6EBF971FAEAAF2009FB9BB /* LaunchScreen.storyboard in Resources */,
				FA6EBF941FAEAAF2009FB9BB /* Assets.xcassets in Resources */,
				FA6EBF921FAEAAF2009FB9BB /* Main.storyboard in Resources */,
			);
			runOnlyForDeploymentPostprocessing = 0;
		};
/* End PBXResourcesBuildPhase section */

/* Begin PBXSourcesBuildPhase section */
		FA6EBF851FAEAAF2009FB9BB /* Sources */ = {
			isa = PBXSourcesBuildPhase;
			buildActionMask = 2147483647;
			files = (
				FA6EBFA11FAEABC5009FB9BB /* PopViewController.swift in Sources */,
				FA6EBF9F1FAEABA6009FB9BB /* PeakViewController.swift in Sources */,
				FA6EBF8F1FAEAAF2009FB9BB /* ViewController.swift in Sources */,
				FA6EBF8D1FAEAAF2009FB9BB /* AppDelegate.swift in Sources */,
			);
			runOnlyForDeploymentPostprocessing = 0;
		};
/* End PBXSourcesBuildPhase section */

/* Begin PBXVariantGroup section */
		FA6EBF901FAEAAF2009FB9BB /* Main.storyboard */ = {
			isa = PBXVariantGroup;
			children = (
				FA6EBF911FAEAAF2009FB9BB /* Base */,
			);
			name = Main.storyboard;
			sourceTree = "<group>";
		};
		FA6EBF951FAEAAF2009FB9BB /* LaunchScreen.storyboard */ = {
			isa = PBXVariantGroup;
			children = (
				FA6EBF961FAEAAF2009FB9BB /* Base */,
			);
			name = LaunchScreen.storyboard;
			sourceTree = "<group>";
		};
/* End PBXVariantGroup section */

/* Begin XCBuildConfiguration section */
		FA6EBF991FAEAAF2009FB9BB /* Debug */ = {
			isa = XCBuildConfiguration;
			buildSettings = {
				ALWAYS_SEARCH_USER_PATHS = NO;
				CLANG_ANALYZER_NONNULL = YES;
				CLANG_ANALYZER_NUMBER_OBJECT_CONVERSION = YES_AGGRESSIVE;
				CLANG_CXX_LANGUAGE_STANDARD = "gnu++0x";
				CLANG_CXX_LIBRARY = "libc++";
				CLANG_ENABLE_MODULES = YES;
				CLANG_ENABLE_OBJC_ARC = YES;
				CLANG_WARN_BOOL_CONVERSION = YES;
				CLANG_WARN_CONSTANT_CONVERSION = YES;
				CLANG_WARN_DIRECT_OBJC_ISA_USAGE = YES_ERROR;
				CLANG_WARN_DOCUMENTATION_COMMENTS = YES;
				CLANG_WARN_EMPTY_BODY = YES;
				CLANG_WARN_ENUM_CONVERSION = YES;
				CLANG_WARN_INFINITE_RECURSION = YES;
				CLANG_WARN_INT_CONVERSION = YES;
				CLANG_WARN_OBJC_ROOT_CLASS = YES_ERROR;
				CLANG_WARN_SUSPICIOUS_MOVE = YES;
				CLANG_WARN_UNREACHABLE_CODE = YES;
				CLANG_WARN__DUPLICATE_METHOD_MATCH = YES;
				"CODE_SIGN_IDENTITY[sdk=iphoneos*]" = "iPhone Developer";
				COPY_PHASE_STRIP = NO;
				DEBUG_INFORMATION_FORMAT = dwarf;
				ENABLE_STRICT_OBJC_MSGSEND = YES;
				ENABLE_TESTABILITY = YES;
				GCC_C_LANGUAGE_STANDARD = gnu99;
				GCC_DYNAMIC_NO_PIC = NO;
				GCC_NO_COMMON_BLOCKS = YES;
				GCC_OPTIMIZATION_LEVEL = 0;
				GCC_PREPROCESSOR_DEFINITIONS = (
					"DEBUG=1",
					"$(inherited)",
				);
				GCC_WARN_64_TO_32_BIT_CONVERSION = YES;
				GCC_WARN_ABOUT_RETURN_TYPE = YES_ERROR;
				GCC_WARN_UNDECLARED_SELECTOR = YES;
				GCC_WARN_UNINITIALIZED_AUTOS = YES_AGGRESSIVE;
				GCC_WARN_UNUSED_FUNCTION = YES;
				GCC_WARN_UNUSED_VARIABLE = YES;
				IPHONEOS_DEPLOYMENT_TARGET = 10.3;
				MTL_ENABLE_DEBUG_INFO = YES;
				ONLY_ACTIVE_ARCH = YES;
				SDKROOT = iphoneos;
				SWIFT_ACTIVE_COMPILATION_CONDITIONS = DEBUG;
				SWIFT_OPTIMIZATION_LEVEL = "-Onone";
				TARGETED_DEVICE_FAMILY = "1,2";
			};
			name = Debug;
		};
		FA6EBF9A1FAEAAF2009FB9BB /* Release */ = {
			isa = XCBuildConfiguration;
			buildSettings = {
				ALWAYS_SEARCH_USER_PATHS = NO;
				CLANG_ANALYZER_NONNULL = YES;
				CLANG_ANALYZER_NUMBER_OBJECT_CONVERSION = YES_AGGRESSIVE;
				CLANG_CXX_LANGUAGE_STANDARD = "gnu++0x";
				CLANG_CXX_LIBRARY = "libc++";
				CLANG_ENABLE_MODULES = YES;
				CLANG_ENABLE_OBJC_ARC = YES;
				CLANG_WARN_BOOL_CONVERSION = YES;
				CLANG_WARN_CONSTANT_CONVERSION = YES;
				CLANG_WARN_DIRECT_OBJC_ISA_USAGE = YES_ERROR;
				CLANG_WARN_DOCUMENTATION_COMMENTS = YES;
				CLANG_WARN_EMPTY_BODY = YES;
				CLANG_WARN_ENUM_CONVERSION = YES;
				CLANG_WARN_INFINITE_RECURSION = YES;
				CLANG_WARN_INT_CONVERSION = YES;
				CLANG_WARN_OBJC_ROOT_CLASS = YES_ERROR;
				CLANG_WARN_SUSPICIOUS_MOVE = YES;
				CLANG_WARN_UNREACHABLE_CODE = YES;
				CLANG_WARN__DUPLICATE_METHOD_MATCH = YES;
				"CODE_SIGN_IDENTITY[sdk=iphoneos*]" = "iPhone Developer";
				COPY_PHASE_STRIP = NO;
				DEBUG_INFORMATION_FORMAT = "dwarf-with-dsym";
				ENABLE_NS_ASSERTIONS = NO;
				ENABLE_STRICT_OBJC_MSGSEND = YES;
				GCC_C_LANGUAGE_STANDARD = gnu99;
				GCC_NO_COMMON_BLOCKS = YES;
				GCC_WARN_64_TO_32_BIT_CONVERSION = YES;
				GCC_WARN_ABOUT_RETURN_TYPE = YES_ERROR;
				GCC_WARN_UNDECLARED_SELECTOR = YES;
				GCC_WARN_UNINITIALIZED_AUTOS = YES_AGGRESSIVE;
				GCC_WARN_UNUSED_FUNCTION = YES;
				GCC_WARN_UNUSED_VARIABLE = YES;
				IPHONEOS_DEPLOYMENT_TARGET = 10.3;
				MTL_ENABLE_DEBUG_INFO = NO;
				SDKROOT = iphoneos;
				SWIFT_OPTIMIZATION_LEVEL = "-Owholemodule";
				TARGETED_DEVICE_FAMILY = "1,2";
				VALIDATE_PRODUCT = YES;
			};
			name = Release;
		};
		FA6EBF9C1FAEAAF2009FB9BB /* Debug */ = {
			isa = XCBuildConfiguration;
			buildSettings = {
				ASSETCATALOG_COMPILER_APPICON_NAME = AppIcon;
				INFOPLIST_FILE = "Peak & Pop Demo/Info.plist";
				LD_RUNPATH_SEARCH_PATHS = "$(inherited) @executable_path/Frameworks";
				PRODUCT_BUNDLE_IDENTIFIER = "JaielaLondon.Peak---Pop-Demo";
				PRODUCT_NAME = "$(TARGET_NAME)";
				SWIFT_VERSION = 3.0;
			};
			name = Debug;
		};
		FA6EBF9D1FAEAAF2009FB9BB /* Release */ = {
			isa = XCBuildConfiguration;
			buildSettings = {
				ASSETCATALOG_COMPILER_APPICON_NAME = AppIcon;
				INFOPLIST_FILE = "Peak & Pop Demo/Info.plist";
				LD_RUNPATH_SEARCH_PATHS = "$(inherited) @executable_path/Frameworks";
				PRODUCT_BUNDLE_IDENTIFIER = "JaielaLondon.Peak---Pop-Demo";
				PRODUCT_NAME = "$(TARGET_NAME)";
				SWIFT_VERSION = 3.0;
			};
			name = Release;
		};
/* End XCBuildConfiguration section */

/* Begin XCConfigurationList section */
		FA6EBF841FAEAAF2009FB9BB /* Build configuration list for PBXProject "Peak & Pop Demo" */ = {
			isa = XCConfigurationList;
			buildConfigurations = (
				FA6EBF991FAEAAF2009FB9BB /* Debug */,
				FA6EBF9A1FAEAAF2009FB9BB /* Release */,
			);
			defaultConfigurationIsVisible = 0;
			defaultConfigurationName = Release;
		};
		FA6EBF9B1FAEAAF2009FB9BB /* Build configuration list for PBXNativeTarget "Peak & Pop Demo" */ = {
			isa = XCConfigurationList;
			buildConfigurations = (
				FA6EBF9C1FAEAAF2009FB9BB /* Debug */,
				FA6EBF9D1FAEAAF2009FB9BB /* Release */,
			);
			defaultConfigurationIsVisible = 0;
		};
/* End XCConfigurationList section */
	};
	rootObject = FA6EBF811FAEAAF2009FB9BB /* Project object */;
}
